
Microsoft Visual Studio Solution File, Format Version 12.00
# Visual Studio Version 16
VisualStudioVersion = 16.0.32126.315
MinimumVisualStudioVersion = 10.0.40219.1
Project("{FAE04EC0-301F-11D3-BF4B-00C04F79EFBC}") = "MVC_Sepet", "MVC_Sepet\MVC_Sepet.csproj", "{1468BD3E-0307-488B-AEAF-FC44EFAEF117}"
EndProject
Global
	GlobalSection(SolutionConfigurationPlatforms) = preSolution
		Debug|Any CPU = Debug|Any CPU
		Release|Any CPU = Release|Any CPU
	EndGlobalSection
	GlobalSection(ProjectConfigurationPlatforms) = postSolution
		{1468BD3E-0307-488B-AEAF-FC44EFAEF117}.Debug|Any CPU.ActiveCfg = Debug|Any CPU
		{1468BD3E-0307-488B-AEAF-FC44EFAEF117}.Debug|Any CPU.Build.0 = Debug|Any CPU
		{1468BD3E-0307-488B-AEAF-FC44EFAEF117}.Release|Any CPU.ActiveCfg = Release|Any CPU
		{1468BD3E-0307-488B-AEAF-FC44EFAEF117}.Release|Any CPU.Build.0 = Release|Any CPU
	EndGlobalSection
	GlobalSection(SolutionProperties) = preSolution
		HideSolutionNode = FALSE
	EndGlobalSection
	GlobalSection(ExtensibilityGlobals) = postSolution
		SolutionGuid = {EF072A5A-D14C-4F93-9ABC-F51E0FC7C7BC}
	EndGlobalSection
EndGlobal
